
Microsoft Visual Studio Solution File, Format Version 12.00
# Visual Studio Version 16
VisualStudioVersion = 16.0.30523.141
MinimumVisualStudioVersion = 10.0.40219.1
Project("{FAE04EC0-301F-11D3-BF4B-00C04F79EFBC}") = "ConverterApp", "ConverterApp\ConverterApp.csproj", "{E3334B36-BF47-468F-98BF-03D845881262}"
EndProject
Global
	GlobalSection(SolutionConfigurationPlatforms) = preSolution
		Debug|Any CPU = Debug|Any CPU
		Release|Any CPU = Release|Any CPU
	EndGlobalSection
	GlobalSection(ProjectConfigurationPlatforms) = postSolution
		{E3334B36-BF47-468F-98BF-03D845881262}.Debug|Any CPU.ActiveCfg = Debug|Any CPU
		{E3334B36-BF47-468F-98BF-03D845881262}.Debug|Any CPU.Build.0 = Debug|Any CPU
		{E3334B36-BF47-468F-98BF-03D845881262}.Release|Any CPU.ActiveCfg = Release|Any CPU
		{E3334B36-BF47-468F-98BF-03D845881262}.Release|Any CPU.Build.0 = Release|Any CPU
	EndGlobalSection
	GlobalSection(SolutionProperties) = preSolution
		HideSolutionNode = FALSE
	EndGlobalSection
	GlobalSection(ExtensibilityGlobals) = postSolution
		SolutionGuid = {C5E8CE76-4346-4734-ABFA-3D272A02556C}
	EndGlobalSection
EndGlobal
